
Microsoft Visual Studio Solution File, Format Version 12.00
# Visual Studio Version 16
VisualStudioVersion = 16.0.30711.63
MinimumVisualStudioVersion = 10.0.40219.1
Project("{FAE04EC0-301F-11D3-BF4B-00C04F79EFBC}") = "WebApp", "WebApp\WebApp.csproj", "{37BD22FC-776C-42E4-8867-A3B9AC695459}"
EndProject
Project("{FAE04EC0-301F-11D3-BF4B-00C04F79EFBC}") = "ERaceSystem", "ERaceSystem\ERaceSystem.csproj", "{5408B54A-EE48-4C66-9C2D-F65D38C0E247}"
EndProject
Global
	GlobalSection(SolutionConfigurationPlatforms) = preSolution
		Debug|Any CPU = Debug|Any CPU
		Release|Any CPU = Release|Any CPU
	EndGlobalSection
	GlobalSection(ProjectConfigurationPlatforms) = postSolution
		{37BD22FC-776C-42E4-8867-A3B9AC695459}.Debug|Any CPU.ActiveCfg = Debug|Any CPU
		{37BD22FC-776C-42E4-8867-A3B9AC695459}.Debug|Any CPU.Build.0 = Debug|Any CPU
		{37BD22FC-776C-42E4-8867-A3B9AC695459}.Release|Any CPU.ActiveCfg = Release|Any CPU
		{37BD22FC-776C-42E4-8867-A3B9AC695459}.Release|Any CPU.Build.0 = Release|Any CPU
		{5408B54A-EE48-4C66-9C2D-F65D38C0E247}.Debug|Any CPU.ActiveCfg = Debug|Any CPU
		{5408B54A-EE48-4C66-9C2D-F65D38C0E247}.Debug|Any CPU.Build.0 = Debug|Any CPU
		{5408B54A-EE48-4C66-9C2D-F65D38C0E247}.Release|Any CPU.ActiveCfg = Release|Any CPU
		{5408B54A-EE48-4C66-9C2D-F65D38C0E247}.Release|Any CPU.Build.0 = Release|Any CPU
	EndGlobalSection
	GlobalSection(SolutionProperties) = preSolution
		HideSolutionNode = FALSE
	EndGlobalSection
	GlobalSection(ExtensibilityGlobals) = postSolution
		SolutionGuid = {D241793D-5962-49EE-8BD5-59C40474FD1E}
	EndGlobalSection
EndGlobal
